// !$*UTF8*$!
{
	archiveVersion = 1;
	classes = {
	};
	objectVersion = 46;
	objects = {

/* Begin PBXBuildFile section */
		3EB48D7E1DFDD734005046A4 /* AppDelegate.swift in Sources */ = {isa = PBXBuildFile; fileRef = 3EB48D7D1DFDD734005046A4 /* AppDelegate.swift */; };
		3EB48D801DFDD734005046A4 /* ViewController.swift in Sources */ = {isa = PBXBuildFile; fileRef = 3EB48D7F1DFDD734005046A4 /* ViewController.swift */; };
		3EB48D831DFDD734005046A4 /* Main.storyboard in Resources */ = {isa = PBXBuildFile; fileRef = 3EB48D811DFDD734005046A4 /* Main.storyboard */; };
		3EB48D851DFDD734005046A4 /* Assets.xcassets in Resources */ = {isa = PBXBuildFile; fileRef = 3EB48D841DFDD734005046A4 /* Assets.xcassets */; };
		3EB48D881DFDD734005046A4 /* LaunchScreen.storyboard in Resources */ = {isa = PBXBuildFile; fileRef = 3EB48D861DFDD734005046A4 /* LaunchScreen.storyboard */; };
		3EB48D931DFDD734005046A4 /* NordeaCodingExerciseTests.swift in Sources */ = {isa = PBXBuildFile; fileRef = 3EB48D921DFDD734005046A4 /* NordeaCodingExerciseTests.swift */; };
		3ED48B851DFF20C000D37D47 /* Venue.swift in Sources */ = {isa = PBXBuildFile; fileRef = 3ED48B841DFF20C000D37D47 /* Venue.swift */; };
		3ED48B871DFF220300D37D47 /* VenuePresenter.swift in Sources */ = {isa = PBXBuildFile; fileRef = 3ED48B861DFF220300D37D47 /* VenuePresenter.swift */; };
		3ED48B891DFF224400D37D47 /* VenueService.swift in Sources */ = {isa = PBXBuildFile; fileRef = 3ED48B881DFF224400D37D47 /* VenueService.swift */; };
		3ED48B8B1DFF478200D37D47 /* SwiftyJSON.swift in Sources */ = {isa = PBXBuildFile; fileRef = 3ED48B8A1DFF478200D37D47 /* SwiftyJSON.swift */; };
		3ED48B8D1E00620F00D37D47 /* Globals.swift in Sources */ = {isa = PBXBuildFile; fileRef = 3ED48B8C1E00620F00D37D47 /* Globals.swift */; };
		3ED48B8F1E006F7300D37D47 /* FourSquare.swift in Sources */ = {isa = PBXBuildFile; fileRef = 3ED48B8E1E006F7300D37D47 /* FourSquare.swift */; };
/* End PBXBuildFile section */

/* Begin PBXContainerItemProxy section */
		3EB48D8F1DFDD734005046A4 /* PBXContainerItemProxy */ = {
			isa = PBXContainerItemProxy;
			containerPortal = 3EB48D721DFDD734005046A4 /* Project object */;
			proxyType = 1;
			remoteGlobalIDString = 3EB48D791DFDD734005046A4;
			remoteInfo = NordeaCodingExercise;
		};
/* End PBXContainerItemProxy section */

/* Begin PBXFileReference section */
		3EB48D7A1DFDD734005046A4 /* NordeaCodingExercise.app */ = {isa = PBXFileReference; explicitFileType = wrapper.application; includeInIndex = 0; path = NordeaCodingExercise.app; sourceTree = BUILT_PRODUCTS_DIR; };
		3EB48D7D1DFDD734005046A4 /* AppDelegate.swift */ = {isa = PBXFileReference; lastKnownFileType = sourcecode.swift; path = AppDelegate.swift; sourceTree = "<group>"; };
		3EB48D7F1DFDD734005046A4 /* ViewController.swift */ = {isa = PBXFileReference; lastKnownFileType = sourcecode.swift; path = ViewController.swift; sourceTree = "<group>"; };
		3EB48D821DFDD734005046A4 /* Base */ = {isa = PBXFileReference; lastKnownFileType = file.storyboard; name = Base; path = Base.lproj/Main.storyboard; sourceTree = "<group>"; };
		3EB48D841DFDD734005046A4 /* Assets.xcassets */ = {isa = PBXFileReference; lastKnownFileType = folder.assetcatalog; path = Assets.xcassets; sourceTree = "<group>"; };
		3EB48D871DFDD734005046A4 /* Base */ = {isa = PBXFileReference; lastKnownFileType = file.storyboard; name = Base; path = Base.lproj/LaunchScreen.storyboard; sourceTree = "<group>"; };
		3EB48D891DFDD734005046A4 /* Info.plist */ = {isa = PBXFileReference; lastKnownFileType = text.plist.xml; path = Info.plist; sourceTree = "<group>"; };
		3EB48D8E1DFDD734005046A4 /* NordeaCodingExerciseTests.xctest */ = {isa = PBXFileReference; explicitFileType = wrapper.cfbundle; includeInIndex = 0; path = NordeaCodingExerciseTests.xctest; sourceTree = BUILT_PRODUCTS_DIR; };
		3EB48D921DFDD734005046A4 /* NordeaCodingExerciseTests.swift */ = {isa = PBXFileReference; lastKnownFileType = sourcecode.swift; path = NordeaCodingExerciseTests.swift; sourceTree = "<group>"; };
		3EB48D941DFDD734005046A4 /* Info.plist */ = {isa = PBXFileReference; lastKnownFileType = text.plist.xml; path = Info.plist; sourceTree = "<group>"; };
		3ED48B841DFF20C000D37D47 /* Venue.swift */ = {isa = PBXFileReference; fileEncoding = 4; lastKnownFileType = sourcecode.swift; path = Venue.swift; sourceTree = "<group>"; };
		3ED48B861DFF220300D37D47 /* VenuePresenter.swift */ = {isa = PBXFileReference; fileEncoding = 4; lastKnownFileType = sourcecode.swift; path = VenuePresenter.swift; sourceTree = "<group>"; };
		3ED48B881DFF224400D37D47 /* VenueService.swift */ = {isa = PBXFileReference; fileEncoding = 4; lastKnownFileType = sourcecode.swift; path = VenueService.swift; sourceTree = "<group>"; };
		3ED48B8A1DFF478200D37D47 /* SwiftyJSON.swift */ = {isa = PBXFileReference; fileEncoding = 4; lastKnownFileType = sourcecode.swift; name = SwiftyJSON.swift; path = "../../../Downloads/SwiftyJSON-master/Source/SwiftyJSON.swift"; sourceTree = "<group>"; };
		3ED48B8C1E00620F00D37D47 /* Globals.swift */ = {isa = PBXFileReference; fileEncoding = 4; lastKnownFileType = sourcecode.swift; path = Globals.swift; sourceTree = "<group>"; };
		3ED48B8E1E006F7300D37D47 /* FourSquare.swift */ = {isa = PBXFileReference; fileEncoding = 4; lastKnownFileType = sourcecode.swift; path = FourSquare.swift; sourceTree = "<group>"; };
/* End PBXFileReference section */

/* Begin PBXFrameworksBuildPhase section */
		3EB48D771DFDD734005046A4 /* Frameworks */ = {
			isa = PBXFrameworksBuildPhase;
			buildActionMask = 2147483647;
			files = (
			);
			runOnlyForDeploymentPostprocessing = 0;
		};
		3EB48D8B1DFDD734005046A4 /* Frameworks */ = {
			isa = PBXFrameworksBuildPhase;
			buildActionMask = 2147483647;
			files = (
			);
			runOnlyForDeploymentPostprocessing = 0;
		};
/* End PBXFrameworksBuildPhase section */

/* Begin PBXGroup section */
		3EB48D711DFDD734005046A4 = {
			isa = PBXGroup;
			children = (
				3EB48D7C1DFDD734005046A4 /* NordeaCodingExercise */,
				3EB48D911DFDD734005046A4 /* NordeaCodingExerciseTests */,
				3EB48D7B1DFDD734005046A4 /* Products */,
			);
			sourceTree = "<group>";
		};
		3EB48D7B1DFDD734005046A4 /* Products */ = {
			isa = PBXGroup;
			children = (
				3EB48D7A1DFDD734005046A4 /* NordeaCodingExercise.app */,
				3EB48D8E1DFDD734005046A4 /* NordeaCodingExerciseTests.xctest */,
			);
			name = Products;
			sourceTree = "<group>";
		};
		3EB48D7C1DFDD734005046A4 /* NordeaCodingExercise */ = {
			isa = PBXGroup;
			children = (
				3EB48D7D1DFDD734005046A4 /* AppDelegate.swift */,
				3EB48D7F1DFDD734005046A4 /* ViewController.swift */,
				3ED48B8E1E006F7300D37D47 /* FourSquare.swift */,
				3ED48B8A1DFF478200D37D47 /* SwiftyJSON.swift */,
				3EB48D811DFDD734005046A4 /* Main.storyboard */,
				3ED48B841DFF20C000D37D47 /* Venue.swift */,
				3ED48B861DFF220300D37D47 /* VenuePresenter.swift */,
				3ED48B881DFF224400D37D47 /* VenueService.swift */,
				3ED48B8C1E00620F00D37D47 /* Globals.swift */,
				3EB48D841DFDD734005046A4 /* Assets.xcassets */,
				3EB48D861DFDD734005046A4 /* LaunchScreen.storyboard */,
				3EB48D891DFDD734005046A4 /* Info.plist */,
			);
			path = NordeaCodingExercise;
			sourceTree = "<group>";
		};
		3EB48D911DFDD734005046A4 /* NordeaCodingExerciseTests */ = {
			isa = PBXGroup;
			children = (
				3EB48D921DFDD734005046A4 /* NordeaCodingExerciseTests.swift */,
				3EB48D941DFDD734005046A4 /* Info.plist */,
			);
			path = NordeaCodingExerciseTests;
			sourceTree = "<group>";
		};
/* End PBXGroup section */

/* Begin PBXNativeTarget section */
		3EB48D791DFDD734005046A4 /* NordeaCodingExercise */ = {
			isa = PBXNativeTarget;
			buildConfigurationList = 3EB48D971DFDD734005046A4 /* Build configuration list for PBXNativeTarget "NordeaCodingExercise" */;
			buildPhases = (
				3EB48D761DFDD734005046A4 /* Sources */,
				3EB48D771DFDD734005046A4 /* Frameworks */,
				3EB48D781DFDD734005046A4 /* Resources */,
			);
			buildRules = (
			);
			dependencies = (
			);
			name = NordeaCodingExercise;
			productName = NordeaCodingExercise;
			productReference = 3EB48D7A1DFDD734005046A4 /* NordeaCodingExercise.app */;
			productType = "com.apple.product-type.application";
		};
		3EB48D8D1DFDD734005046A4 /* NordeaCodingExerciseTests */ = {
			isa = PBXNativeTarget;
			buildConfigurationList = 3EB48D9A1DFDD734005046A4 /* Build configuration list for PBXNativeTarget "NordeaCodingExerciseTests" */;
			buildPhases = (
				3EB48D8A1DFDD734005046A4 /* Sources */,
				3EB48D8B1DFDD734005046A4 /* Frameworks */,
				3EB48D8C1DFDD734005046A4 /* Resources */,
			);
			buildRules = (
			);
			dependencies = (
				3EB48D901DFDD734005046A4 /* PBXTargetDependency */,
			);
			name = NordeaCodingExerciseTests;
			productName = NordeaCodingExerciseTests;
			productReference = 3EB48D8E1DFDD734005046A4 /* NordeaCodingExerciseTests.xctest */;
			productType = "com.apple.product-type.bundle.unit-test";
		};
/* End PBXNativeTarget section */

/* Begin PBXProject section */
		3EB48D721DFDD734005046A4 /* Project object */ = {
			isa = PBXProject;
			attributes = {
				LastSwiftUpdateCheck = 0730;
				LastUpgradeCheck = 0730;
				TargetAttributes = {
					3EB48D791DFDD734005046A4 = {
						CreatedOnToolsVersion = 7.3;
						DevelopmentTeam = V5DX62QMY9;
					};
					3EB48D8D1DFDD734005046A4 = {
						CreatedOnToolsVersion = 7.3;
						TestTargetID = 3EB48D791DFDD734005046A4;
					};
				};
			};
			buildConfigurationList = 3EB48D751DFDD734005046A4 /* Build configuration list for PBXProject "NordeaCodingExercise" */;
			compatibilityVersion = "Xcode 3.2";
			developmentRegion = English;
			hasScannedForEncodings = 0;
			knownRegions = (
				en,
				Base,
			);
			mainGroup = 3EB48D711DFDD734005046A4;
			productRefGroup = 3EB48D7B1DFDD734005046A4 /* Products */;
			projectDirPath = "";
			projectRoot = "";
			targets = (
				3EB48D791DFDD734005046A4 /* NordeaCodingExercise */,
				3EB48D8D1DFDD734005046A4 /* NordeaCodingExerciseTests */,
			);
		};
/* End PBXProject section */

/* Begin PBXResourcesBuildPhase section */
		3EB48D781DFDD734005046A4 /* Resources */ = {
			isa = PBXResourcesBuildPhase;
			buildActionMask = 2147483647;
			files = (
				3EB48D881DFDD734005046A4 /* LaunchScreen.storyboard in Resources */,
				3EB48D851DFDD734005046A4 /* Assets.xcassets in Resources */,
				3EB48D831DFDD734005046A4 /* Main.storyboard in Resources */,
			);
			runOnlyForDeploymentPostprocessing = 0;
		};
		3EB48D8C1DFDD734005046A4 /* Resources */ = {
			isa = PBXResourcesBuildPhase;
			buildActionMask = 2147483647;
			files = (
			);
			runOnlyForDeploymentPostprocessing = 0;
		};
/* End PBXResourcesBuildPhase section */

/* Begin PBXSourcesBuildPhase section */
		3EB48D761DFDD734005046A4 /* Sources */ = {
			isa = PBXSourcesBuildPhase;
			buildActionMask = 2147483647;
			files = (
				3ED48B8F1E006F7300D37D47 /* FourSquare.swift in Sources */,
				3ED48B891DFF224400D37D47 /* VenueService.swift in Sources */,
				3EB48D801DFDD734005046A4 /* ViewController.swift in Sources */,
				3ED48B851DFF20C000D37D47 /* Venue.swift in Sources */,
				3ED48B8B1DFF478200D37D47 /* SwiftyJSON.swift in Sources */,
				3ED48B871DFF220300D37D47 /* VenuePresenter.swift in Sources */,
				3ED48B8D1E00620F00D37D47 /* Globals.swift in Sources */,
				3EB48D7E1DFDD734005046A4 /* AppDelegate.swift in Sources */,
			);
			runOnlyForDeploymentPostprocessing = 0;
		};
		3EB48D8A1DFDD734005046A4 /* Sources */ = {
			isa = PBXSourcesBuildPhase;
			buildActionMask = 2147483647;
			files = (
				3EB48D931DFDD734005046A4 /* NordeaCodingExerciseTests.swift in Sources */,
			);
			runOnlyForDeploymentPostprocessing = 0;
		};
/* End PBXSourcesBuildPhase section */

/* Begin PBXTargetDependency section */
		3EB48D901DFDD734005046A4 /* PBXTargetDependency */ = {
			isa = PBXTargetDependency;
			target = 3EB48D791DFDD734005046A4 /* NordeaCodingExercise */;
			targetProxy = 3EB48D8F1DFDD734005046A4 /* PBXContainerItemProxy */;
		};
/* End PBXTargetDependency section */

/* Begin PBXVariantGroup section */
		3EB48D811DFDD734005046A4 /* Main.storyboard */ = {
			isa = PBXVariantGroup;
			children = (
				3EB48D821DFDD734005046A4 /* Base */,
			);
			name = Main.storyboard;
			sourceTree = "<group>";
		};
		3EB48D861DFDD734005046A4 /* LaunchScreen.storyboard */ = {
			isa = PBXVariantGroup;
			children = (
				3EB48D871DFDD734005046A4 /* Base */,
			);
			name = LaunchScreen.storyboard;
			sourceTree = "<group>";
		};
/* End PBXVariantGroup section */

/* Begin XCBuildConfiguration section */
		3EB48D951DFDD734005046A4 /* Debug */ = {
			isa = XCBuildConfiguration;
			buildSettings = {
				ALWAYS_SEARCH_USER_PATHS = NO;
				CLANG_ANALYZER_NONNULL = YES;
				CLANG_CXX_LANGUAGE_STANDARD = "gnu++0x";
				CLANG_CXX_LIBRARY = "libc++";
				CLANG_ENABLE_MODULES = YES;
				CLANG_ENABLE_OBJC_ARC = YES;
				CLANG_WARN_BOOL_CONVERSION = YES;
				CLANG_WARN_CONSTANT_CONVERSION = YES;
				CLANG_WARN_DIRECT_OBJC_ISA_USAGE = YES_ERROR;
				CLANG_WARN_EMPTY_BODY = YES;
				CLANG_WARN_ENUM_CONVERSION = YES;
				CLANG_WARN_INT_CONVERSION = YES;
				CLANG_WARN_OBJC_ROOT_CLASS = YES_ERROR;
				CLANG_WARN_UNREACHABLE_CODE = YES;
				CLANG_WARN__DUPLICATE_METHOD_MATCH = YES;
				"CODE_SIGN_IDENTITY[sdk=iphoneos*]" = "iPhone Developer";
				COPY_PHASE_STRIP = NO;
				DEBUG_INFORMATION_FORMAT = dwarf;
				ENABLE_STRICT_OBJC_MSGSEND = YES;
				ENABLE_TESTABILITY = YES;
				GCC_C_LANGUAGE_STANDARD = gnu99;
				GCC_DYNAMIC_NO_PIC = NO;
				GCC_NO_COMMON_BLOCKS = YES;
				GCC_OPTIMIZATION_LEVEL = 0;
				GCC_PREPROCESSOR_DEFINITIONS = (
					"DEBUG=1",
					"$(inherited)",
				);
				GCC_WARN_64_TO_32_BIT_CONVERSION = YES;
				GCC_WARN_ABOUT_RETURN_TYPE = YES_ERROR;
				GCC_WARN_UNDECLARED_SELECTOR = YES;
				GCC_WARN_UNINITIALIZED_AUTOS = YES_AGGRESSIVE;
				GCC_WARN_UNUSED_FUNCTION = YES;
				GCC_WARN_UNUSED_VARIABLE = YES;
				IPHONEOS_DEPLOYMENT_TARGET = 9.3;
				MTL_ENABLE_DEBUG_INFO = YES;
				ONLY_ACTIVE_ARCH = YES;
				SDKROOT = iphoneos;
				SWIFT_OPTIMIZATION_LEVEL = "-Onone";
				TARGETED_DEVICE_FAMILY = "1,2";
			};
			name = Debug;
		};
		3EB48D961DFDD734005046A4 /* Release */ = {
			isa = XCBuildConfiguration;
			buildSettings = {
				ALWAYS_SEARCH_USER_PATHS = NO;
				CLANG_ANALYZER_NONNULL = YES;
				CLANG_CXX_LANGUAGE_STANDARD = "gnu++0x";
				CLANG_CXX_LIBRARY = "libc++";
				CLANG_ENABLE_MODULES = YES;
				CLANG_ENABLE_OBJC_ARC = YES;
				CLANG_WARN_BOOL_CONVERSION = YES;
				CLANG_WARN_CONSTANT_CONVERSION = YES;
				CLANG_WARN_DIRECT_OBJC_ISA_USAGE = YES_ERROR;
				CLANG_WARN_EMPTY_BODY = YES;
				CLANG_WARN_ENUM_CONVERSION = YES;
				CLANG_WARN_INT_CONVERSION = YES;
				CLANG_WARN_OBJC_ROOT_CLASS = YES_ERROR;
				CLANG_WARN_UNREACHABLE_CODE = YES;
				CLANG_WARN__DUPLICATE_METHOD_MATCH = YES;
				"CODE_SIGN_IDENTITY[sdk=iphoneos*]" = "iPhone Developer";
				COPY_PHASE_STRIP = NO;
				DEBUG_INFORMATION_FORMAT = "dwarf-with-dsym";
				ENABLE_NS_ASSERTIONS = NO;
				ENABLE_STRICT_OBJC_MSGSEND = YES;
				GCC_C_LANGUAGE_STANDARD = gnu99;
				GCC_NO_COMMON_BLOCKS = YES;
				GCC_WARN_64_TO_32_BIT_CONVERSION = YES;
				GCC_WARN_ABOUT_RETURN_TYPE = YES_ERROR;
				GCC_WARN_UNDECLARED_SELECTOR = YES;
				GCC_WARN_UNINITIALIZED_AUTOS = YES_AGGRESSIVE;
				GCC_WARN_UNUSED_FUNCTION = YES;
				GCC_WARN_UNUSED_VARIABLE = YES;
				IPHONEOS_DEPLOYMENT_TARGET = 9.3;
				MTL_ENABLE_DEBUG_INFO = NO;
				SDKROOT = iphoneos;
				TARGETED_DEVICE_FAMILY = "1,2";
				VALIDATE_PRODUCT = YES;
			};
			name = Release;
		};
		3EB48D981DFDD734005046A4 /* Debug */ = {
			isa = XCBuildConfiguration;
			buildSettings = {
				ASSETCATALOG_COMPILER_APPICON_NAME = AppIcon;
				CODE_SIGN_IDENTITY = "iPhone Developer";
				"CODE_SIGN_IDENTITY[sdk=iphoneos*]" = "iPhone Developer";
				INFOPLIST_FILE = NordeaCodingExercise/Info.plist;
				LD_RUNPATH_SEARCH_PATHS = "$(inherited) @executable_path/Frameworks";
				PRODUCT_BUNDLE_IDENTIFIER = com.example.NordeaCodingExercise;
				PRODUCT_NAME = "$(TARGET_NAME)";
				PROVISIONING_PROFILE = "";
			};
			name = Debug;
		};
		3EB48D991DFDD734005046A4 /* Release */ = {
			isa = XCBuildConfiguration;
			buildSettings = {
				ASSETCATALOG_COMPILER_APPICON_NAME = AppIcon;
				CODE_SIGN_IDENTITY = "iPhone Developer";
				"CODE_SIGN_IDENTITY[sdk=iphoneos*]" = "iPhone Developer";
				INFOPLIST_FILE = NordeaCodingExercise/Info.plist;
				LD_RUNPATH_SEARCH_PATHS = "$(inherited) @executable_path/Frameworks";
				PRODUCT_BUNDLE_IDENTIFIER = com.example.NordeaCodingExercise;
				PRODUCT_NAME = "$(TARGET_NAME)";
				PROVISIONING_PROFILE = "";
			};
			name = Release;
		};
		3EB48D9B1DFDD734005046A4 /* Debug */ = {
			isa = XCBuildConfiguration;
			buildSettings = {
				BUNDLE_LOADER = "$(TEST_HOST)";
				INFOPLIST_FILE = NordeaCodingExerciseTests/Info.plist;
				LD_RUNPATH_SEARCH_PATHS = "$(inherited) @executable_path/Frameworks @loader_path/Frameworks";
				PRODUCT_BUNDLE_IDENTIFIER = com.example.NordeaCodingExerciseTests;
				PRODUCT_NAME = "$(TARGET_NAME)";
				TEST_HOST = "$(BUILT_PRODUCTS_DIR)/NordeaCodingExercise.app/NordeaCodingExercise";
			};
			name = Debug;
		};
		3EB48D9C1DFDD734005046A4 /* Release */ = {
			isa = XCBuildConfiguration;
			buildSettings = {
				BUNDLE_LOADER = "$(TEST_HOST)";
				INFOPLIST_FILE = NordeaCodingExerciseTests/Info.plist;
				LD_RUNPATH_SEARCH_PATHS = "$(inherited) @executable_path/Frameworks @loader_path/Frameworks";
				PRODUCT_BUNDLE_IDENTIFIER = com.example.NordeaCodingExerciseTests;
				PRODUCT_NAME = "$(TARGET_NAME)";
				TEST_HOST = "$(BUILT_PRODUCTS_DIR)/NordeaCodingExercise.app/NordeaCodingExercise";
			};
			name = Release;
		};
/* End XCBuildConfiguration section */

/* Begin XCConfigurationList section */
		3EB48D751DFDD734005046A4 /* Build configuration list for PBXProject "NordeaCodingExercise" */ = {
			isa = XCConfigurationList;
			buildConfigurations = (
				3EB48D951DFDD734005046A4 /* Debug */,
				3EB48D961DFDD734005046A4 /* Release */,
			);
			defaultConfigurationIsVisible = 0;
			defaultConfigurationName = Release;
		};
		3EB48D971DFDD734005046A4 /* Build configuration list for PBXNativeTarget "NordeaCodingExercise" */ = {
			isa = XCConfigurationList;
			buildConfigurations = (
				3EB48D981DFDD734005046A4 /* Debug */,
				3EB48D991DFDD734005046A4 /* Release */,
			);
			defaultConfigurationIsVisible = 0;
			defaultConfigurationName = Release;
		};
		3EB48D9A1DFDD734005046A4 /* Build configuration list for PBXNativeTarget "NordeaCodingExerciseTests" */ = {
			isa = XCConfigurationList;
			buildConfigurations = (
				3EB48D9B1DFDD734005046A4 /* Debug */,
				3EB48D9C1DFDD734005046A4 /* Release */,
			);
			defaultConfigurationIsVisible = 0;
			defaultConfigurationName = Release;
		};
/* End XCConfigurationList section */
	};
	rootObject = 3EB48D721DFDD734005046A4 /* Project object */;
}
